// !$*UTF8*$!
{
	archiveVersion = 1;
	classes = {
	};
	objectVersion = 50;
	objects = {

/* Begin PBXBuildFile section */
		BB7E661C25A2A34C0098009E /* AbookApp.swift in Sources */ = {isa = PBXBuildFile; fileRef = BB7E661B25A2A34C0098009E /* AbookApp.swift */; };
		BB7E661E25A2A34C0098009E /* ContentView.swift in Sources */ = {isa = PBXBuildFile; fileRef = BB7E661D25A2A34C0098009E /* ContentView.swift */; };
		BB7E662025A2A3500098009E /* Assets.xcassets in Resources */ = {isa = PBXBuildFile; fileRef = BB7E661F25A2A3500098009E /* Assets.xcassets */; };
		BB7E662325A2A3500098009E /* Preview Assets.xcassets in Resources */ = {isa = PBXBuildFile; fileRef = BB7E662225A2A3500098009E /* Preview Assets.xcassets */; };
		BB7E662E25A2A3510098009E /* AbookTests.swift in Sources */ = {isa = PBXBuildFile; fileRef = BB7E662D25A2A3510098009E /* AbookTests.swift */; };
		BB7E663925A2A3510098009E /* AbookUITests.swift in Sources */ = {isa = PBXBuildFile; fileRef = BB7E663825A2A3510098009E /* AbookUITests.swift */; };
		BBA7D5A825AA24290027B91D /* OnBoarding.swift in Sources */ = {isa = PBXBuildFile; fileRef = BBA7D5A725AA24290027B91D /* OnBoarding.swift */; };
		BBA7D5B025AA28940027B91D /* HomeView.swift in Sources */ = {isa = PBXBuildFile; fileRef = BBA7D5AF25AA28940027B91D /* HomeView.swift */; };
/* End PBXBuildFile section */

/* Begin PBXContainerItemProxy section */
		BB7E662A25A2A3510098009E /* PBXContainerItemProxy */ = {
			isa = PBXContainerItemProxy;
			containerPortal = BB7E661025A2A34C0098009E /* Project object */;
			proxyType = 1;
			remoteGlobalIDString = BB7E661725A2A34C0098009E;
			remoteInfo = Abook;
		};
		BB7E663525A2A3510098009E /* PBXContainerItemProxy */ = {
			isa = PBXContainerItemProxy;
			containerPortal = BB7E661025A2A34C0098009E /* Project object */;
			proxyType = 1;
			remoteGlobalIDString = BB7E661725A2A34C0098009E;
			remoteInfo = Abook;
		};
/* End PBXContainerItemProxy section */

/* Begin PBXFileReference section */
		BB7E661825A2A34C0098009E /* Abook.app */ = {isa = PBXFileReference; explicitFileType = wrapper.application; includeInIndex = 0; path = Abook.app; sourceTree = BUILT_PRODUCTS_DIR; };
		BB7E661B25A2A34C0098009E /* AbookApp.swift */ = {isa = PBXFileReference; lastKnownFileType = sourcecode.swift; path = AbookApp.swift; sourceTree = "<group>"; };
		BB7E661D25A2A34C0098009E /* ContentView.swift */ = {isa = PBXFileReference; lastKnownFileType = sourcecode.swift; path = ContentView.swift; sourceTree = "<group>"; };
		BB7E661F25A2A3500098009E /* Assets.xcassets */ = {isa = PBXFileReference; lastKnownFileType = folder.assetcatalog; path = Assets.xcassets; sourceTree = "<group>"; };
		BB7E662225A2A3500098009E /* Preview Assets.xcassets */ = {isa = PBXFileReference; lastKnownFileType = folder.assetcatalog; path = "Preview Assets.xcassets"; sourceTree = "<group>"; };
		BB7E662425A2A3500098009E /* Info.plist */ = {isa = PBXFileReference; lastKnownFileType = text.plist.xml; path = Info.plist; sourceTree = "<group>"; };
		BB7E662925A2A3510098009E /* AbookTests.xctest */ = {isa = PBXFileReference; explicitFileType = wrapper.cfbundle; includeInIndex = 0; path = AbookTests.xctest; sourceTree = BUILT_PRODUCTS_DIR; };
		BB7E662D25A2A3510098009E /* AbookTests.swift */ = {isa = PBXFileReference; lastKnownFileType = sourcecode.swift; path = AbookTests.swift; sourceTree = "<group>"; };
		BB7E662F25A2A3510098009E /* Info.plist */ = {isa = PBXFileReference; lastKnownFileType = text.plist.xml; path = Info.plist; sourceTree = "<group>"; };
		BB7E663425A2A3510098009E /* AbookUITests.xctest */ = {isa = PBXFileReference; explicitFileType = wrapper.cfbundle; includeInIndex = 0; path = AbookUITests.xctest; sourceTree = BUILT_PRODUCTS_DIR; };
		BB7E663825A2A3510098009E /* AbookUITests.swift */ = {isa = PBXFileReference; lastKnownFileType = sourcecode.swift; path = AbookUITests.swift; sourceTree = "<group>"; };
		BB7E663A25A2A3510098009E /* Info.plist */ = {isa = PBXFileReference; lastKnownFileType = text.plist.xml; path = Info.plist; sourceTree = "<group>"; };
		BBA7D5A725AA24290027B91D /* OnBoarding.swift */ = {isa = PBXFileReference; lastKnownFileType = sourcecode.swift; path = OnBoarding.swift; sourceTree = "<group>"; };
		BBA7D5AF25AA28940027B91D /* HomeView.swift */ = {isa = PBXFileReference; lastKnownFileType = sourcecode.swift; path = HomeView.swift; sourceTree = "<group>"; };
/* End PBXFileReference section */

/* Begin PBXFrameworksBuildPhase section */
		BB7E661525A2A34C0098009E /* Frameworks */ = {
			isa = PBXFrameworksBuildPhase;
			buildActionMask = 2147483647;
			files = (
			);
			runOnlyForDeploymentPostprocessing = 0;
		};
		BB7E662625A2A3510098009E /* Frameworks */ = {
			isa = PBXFrameworksBuildPhase;
			buildActionMask = 2147483647;
			files = (
			);
			runOnlyForDeploymentPostprocessing = 0;
		};
		BB7E663125A2A3510098009E /* Frameworks */ = {
			isa = PBXFrameworksBuildPhase;
			buildActionMask = 2147483647;
			files = (
			);
			runOnlyForDeploymentPostprocessing = 0;
		};
/* End PBXFrameworksBuildPhase section */

/* Begin PBXGroup section */
		BB7E660F25A2A34C0098009E = {
			isa = PBXGroup;
			children = (
				BB7E661A25A2A34C0098009E /* Abook */,
				BB7E662C25A2A3510098009E /* AbookTests */,
				BB7E663725A2A3510098009E /* AbookUITests */,
				BB7E661925A2A34C0098009E /* Products */,
			);
			sourceTree = "<group>";
		};
		BB7E661925A2A34C0098009E /* Products */ = {
			isa = PBXGroup;
			children = (
				BB7E661825A2A34C0098009E /* Abook.app */,
				BB7E662925A2A3510098009E /* AbookTests.xctest */,
				BB7E663425A2A3510098009E /* AbookUITests.xctest */,
			);
			name = Products;
			sourceTree = "<group>";
		};
		BB7E661A25A2A34C0098009E /* Abook */ = {
			isa = PBXGroup;
			children = (
				BBA7D5A625AA241C0027B91D /* View */,
				BB7E661B25A2A34C0098009E /* AbookApp.swift */,
				BB7E661F25A2A3500098009E /* Assets.xcassets */,
				BB7E662425A2A3500098009E /* Info.plist */,
				BB7E662125A2A3500098009E /* Preview Content */,
			);
			path = Abook;
			sourceTree = "<group>";
		};
		BB7E662125A2A3500098009E /* Preview Content */ = {
			isa = PBXGroup;
			children = (
				BB7E662225A2A3500098009E /* Preview Assets.xcassets */,
			);
			path = "Preview Content";
			sourceTree = "<group>";
		};
		BB7E662C25A2A3510098009E /* AbookTests */ = {
			isa = PBXGroup;
			children = (
				BB7E662D25A2A3510098009E /* AbookTests.swift */,
				BB7E662F25A2A3510098009E /* Info.plist */,
			);
			path = AbookTests;
			sourceTree = "<group>";
		};
		BB7E663725A2A3510098009E /* AbookUITests */ = {
			isa = PBXGroup;
			children = (
				BB7E663825A2A3510098009E /* AbookUITests.swift */,
				BB7E663A25A2A3510098009E /* Info.plist */,
			);
			path = AbookUITests;
			sourceTree = "<group>";
		};
		BBA7D5A625AA241C0027B91D /* View */ = {
			isa = PBXGroup;
			children = (
				BB7E661D25A2A34C0098009E /* ContentView.swift */,
				BBA7D5A725AA24290027B91D /* OnBoarding.swift */,
				BBA7D5AF25AA28940027B91D /* HomeView.swift */,
			);
			path = View;
			sourceTree = "<group>";
		};
/* End PBXGroup section */

/* Begin PBXNativeTarget section */
		BB7E661725A2A34C0098009E /* Abook */ = {
			isa = PBXNativeTarget;
			buildConfigurationList = BB7E663D25A2A3510098009E /* Build configuration list for PBXNativeTarget "Abook" */;
			buildPhases = (
				BB7E661425A2A34C0098009E /* Sources */,
				BB7E661525A2A34C0098009E /* Frameworks */,
				BB7E661625A2A34C0098009E /* Resources */,
			);
			buildRules = (
			);
			dependencies = (
			);
			name = Abook;
			productName = Abook;
			productReference = BB7E661825A2A34C0098009E /* Abook.app */;
			productType = "com.apple.product-type.application";
		};
		BB7E662825A2A3510098009E /* AbookTests */ = {
			isa = PBXNativeTarget;
			buildConfigurationList = BB7E664025A2A3510098009E /* Build configuration list for PBXNativeTarget "AbookTests" */;
			buildPhases = (
				BB7E662525A2A3510098009E /* Sources */,
				BB7E662625A2A3510098009E /* Frameworks */,
				BB7E662725A2A3510098009E /* Resources */,
			);
			buildRules = (
			);
			dependencies = (
				BB7E662B25A2A3510098009E /* PBXTargetDependency */,
			);
			name = AbookTests;
			productName = AbookTests;
			productReference = BB7E662925A2A3510098009E /* AbookTests.xctest */;
			productType = "com.apple.product-type.bundle.unit-test";
		};
		BB7E663325A2A3510098009E /* AbookUITests */ = {
			isa = PBXNativeTarget;
			buildConfigurationList = BB7E664325A2A3510098009E /* Build configuration list for PBXNativeTarget "AbookUITests" */;
			buildPhases = (
				BB7E663025A2A3510098009E /* Sources */,
				BB7E663125A2A3510098009E /* Frameworks */,
				BB7E663225A2A3510098009E /* Resources */,
			);
			buildRules = (
			);
			dependencies = (
				BB7E663625A2A3510098009E /* PBXTargetDependency */,
			);
			name = AbookUITests;
			productName = AbookUITests;
			productReference = BB7E663425A2A3510098009E /* AbookUITests.xctest */;
			productType = "com.apple.product-type.bundle.ui-testing";
		};
/* End PBXNativeTarget section */

/* Begin PBXProject section */
		BB7E661025A2A34C0098009E /* Project object */ = {
			isa = PBXProject;
			attributes = {
				LastSwiftUpdateCheck = 1230;
				LastUpgradeCheck = 1230;
				TargetAttributes = {
					BB7E661725A2A34C0098009E = {
						CreatedOnToolsVersion = 12.3;
					};
					BB7E662825A2A3510098009E = {
						CreatedOnToolsVersion = 12.3;
						TestTargetID = BB7E661725A2A34C0098009E;
					};
					BB7E663325A2A3510098009E = {
						CreatedOnToolsVersion = 12.3;
						TestTargetID = BB7E661725A2A34C0098009E;
					};
				};
			};
			buildConfigurationList = BB7E661325A2A34C0098009E /* Build configuration list for PBXProject "Abook" */;
			compatibilityVersion = "Xcode 9.3";
			developmentRegion = en;
			hasScannedForEncodings = 0;
			knownRegions = (
				en,
				Base,
			);
			mainGroup = BB7E660F25A2A34C0098009E;
			productRefGroup = BB7E661925A2A34C0098009E /* Products */;
			projectDirPath = "";
			projectRoot = "";
			targets = (
				BB7E661725A2A34C0098009E /* Abook */,
				BB7E662825A2A3510098009E /* AbookTests */,
				BB7E663325A2A3510098009E /* AbookUITests */,
			);
		};
/* End PBXProject section */

/* Begin PBXResourcesBuildPhase section */
		BB7E661625A2A34C0098009E /* Resources */ = {
			isa = PBXResourcesBuildPhase;
			buildActionMask = 2147483647;
			files = (
				BB7E662325A2A3500098009E /* Preview Assets.xcassets in Resources */,
				BB7E662025A2A3500098009E /* Assets.xcassets in Resources */,
			);
			runOnlyForDeploymentPostprocessing = 0;
		};
		BB7E662725A2A3510098009E /* Resources */ = {
			isa = PBXResourcesBuildPhase;
			buildActionMask = 2147483647;
			files = (
			);
			runOnlyForDeploymentPostprocessing = 0;
		};
		BB7E663225A2A3510098009E /* Resources */ = {
			isa = PBXResourcesBuildPhase;
			buildActionMask = 2147483647;
			files = (
			);
			runOnlyForDeploymentPostprocessing = 0;
		};
/* End PBXResourcesBuildPhase section */

/* Begin PBXSourcesBuildPhase section */
		BB7E661425A2A34C0098009E /* Sources */ = {
			isa = PBXSourcesBuildPhase;
			buildActionMask = 2147483647;
			files = (
				BB7E661E25A2A34C0098009E /* ContentView.swift in Sources */,
				BBA7D5B025AA28940027B91D /* HomeView.swift in Sources */,
				BBA7D5A825AA24290027B91D /* OnBoarding.swift in Sources */,
				BB7E661C25A2A34C0098009E /* AbookApp.swift in Sources */,
			);
			runOnlyForDeploymentPostprocessing = 0;
		};
		BB7E662525A2A3510098009E /* Sources */ = {
			isa = PBXSourcesBuildPhase;
			buildActionMask = 2147483647;
			files = (
				BB7E662E25A2A3510098009E /* AbookTests.swift in Sources */,
			);
			runOnlyForDeploymentPostprocessing = 0;
		};
		BB7E663025A2A3510098009E /* Sources */ = {
			isa = PBXSourcesBuildPhase;
			buildActionMask = 2147483647;
			files = (
				BB7E663925A2A3510098009E /* AbookUITests.swift in Sources */,
			);
			runOnlyForDeploymentPostprocessing = 0;
		};
/* End PBXSourcesBuildPhase section */

/* Begin PBXTargetDependency section */
		BB7E662B25A2A3510098009E /* PBXTargetDependency */ = {
			isa = PBXTargetDependency;
			target = BB7E661725A2A34C0098009E /* Abook */;
			targetProxy = BB7E662A25A2A3510098009E /* PBXContainerItemProxy */;
		};
		BB7E663625A2A3510098009E /* PBXTargetDependency */ = {
			isa = PBXTargetDependency;
			target = BB7E661725A2A34C0098009E /* Abook */;
			targetProxy = BB7E663525A2A3510098009E /* PBXContainerItemProxy */;
		};
/* End PBXTargetDependency section */

/* Begin XCBuildConfiguration section */
		BB7E663B25A2A3510098009E /* Debug */ = {
			isa = XCBuildConfiguration;
			buildSettings = {
				ALWAYS_SEARCH_USER_PATHS = NO;
				CLANG_ANALYZER_NONNULL = YES;
				CLANG_ANALYZER_NUMBER_OBJECT_CONVERSION = YES_AGGRESSIVE;
				CLANG_CXX_LANGUAGE_STANDARD = "gnu++14";
				CLANG_CXX_LIBRARY = "libc++";
				CLANG_ENABLE_MODULES = YES;
				CLANG_ENABLE_OBJC_ARC = YES;
				CLANG_ENABLE_OBJC_WEAK = YES;
				CLANG_WARN_BLOCK_CAPTURE_AUTORELEASING = YES;
				CLANG_WARN_BOOL_CONVERSION = YES;
				CLANG_WARN_COMMA = YES;
				CLANG_WARN_CONSTANT_CONVERSION = YES;
				CLANG_WARN_DEPRECATED_OBJC_IMPLEMENTATIONS = YES;
				CLANG_WARN_DIRECT_OBJC_ISA_USAGE = YES_ERROR;
				CLANG_WARN_DOCUMENTATION_COMMENTS = YES;
				CLANG_WARN_EMPTY_BODY = YES;
				CLANG_WARN_ENUM_CONVERSION = YES;
				CLANG_WARN_INFINITE_RECURSION = YES;
				CLANG_WARN_INT_CONVERSION = YES;
				CLANG_WARN_NON_LITERAL_NULL_CONVERSION = YES;
				CLANG_WARN_OBJC_IMPLICIT_RETAIN_SELF = YES;
				CLANG_WARN_OBJC_LITERAL_CONVERSION = YES;
				CLANG_WARN_OBJC_ROOT_CLASS = YES_ERROR;
				CLANG_WARN_QUOTED_INCLUDE_IN_FRAMEWORK_HEADER = YES;
				CLANG_WARN_RANGE_LOOP_ANALYSIS = YES;
				CLANG_WARN_STRICT_PROTOTYPES = YES;
				CLANG_WARN_SUSPICIOUS_MOVE = YES;
				CLANG_WARN_UNGUARDED_AVAILABILITY = YES_AGGRESSIVE;
				CLANG_WARN_UNREACHABLE_CODE = YES;
				CLANG_WARN__DUPLICATE_METHOD_MATCH = YES;
				COPY_PHASE_STRIP = NO;
				DEBUG_INFORMATION_FORMAT = dwarf;
				ENABLE_STRICT_OBJC_MSGSEND = YES;
				ENABLE_TESTABILITY = YES;
				GCC_C_LANGUAGE_STANDARD = gnu11;
				GCC_DYNAMIC_NO_PIC = NO;
				GCC_NO_COMMON_BLOCKS = YES;
				GCC_OPTIMIZATION_LEVEL = 0;
				GCC_PREPROCESSOR_DEFINITIONS = (
					"DEBUG=1",
					"$(inherited)",
				);
				GCC_WARN_64_TO_32_BIT_CONVERSION = YES;
				GCC_WARN_ABOUT_RETURN_TYPE = YES_ERROR;
				GCC_WARN_UNDECLARED_SELECTOR = YES;
				GCC_WARN_UNINITIALIZED_AUTOS = YES_AGGRESSIVE;
				GCC_WARN_UNUSED_FUNCTION = YES;
				GCC_WARN_UNUSED_VARIABLE = YES;
				IPHONEOS_DEPLOYMENT_TARGET = 14.3;
				MTL_ENABLE_DEBUG_INFO = INCLUDE_SOURCE;
				MTL_FAST_MATH = YES;
				ONLY_ACTIVE_ARCH = YES;
				SDKROOT = iphoneos;
				SWIFT_ACTIVE_COMPILATION_CONDITIONS = DEBUG;
				SWIFT_OPTIMIZATION_LEVEL = "-Onone";
			};
			name = Debug;
		};
		BB7E663C25A2A3510098009E /* Release */ = {
			isa = XCBuildConfiguration;
			buildSettings = {
				ALWAYS_SEARCH_USER_PATHS = NO;
				CLANG_ANALYZER_NONNULL = YES;
				CLANG_ANALYZER_NUMBER_OBJECT_CONVERSION = YES_AGGRESSIVE;
				CLANG_CXX_LANGUAGE_STANDARD = "gnu++14";
				CLANG_CXX_LIBRARY = "libc++";
				CLANG_ENABLE_MODULES = YES;
				CLANG_ENABLE_OBJC_ARC = YES;
				CLANG_ENABLE_OBJC_WEAK = YES;
				CLANG_WARN_BLOCK_CAPTURE_AUTORELEASING = YES;
				CLANG_WARN_BOOL_CONVERSION = YES;
				CLANG_WARN_COMMA = YES;
				CLANG_WARN_CONSTANT_CONVERSION = YES;
				CLANG_WARN_DEPRECATED_OBJC_IMPLEMENTATIONS = YES;
				CLANG_WARN_DIRECT_OBJC_ISA_USAGE = YES_ERROR;
				CLANG_WARN_DOCUMENTATION_COMMENTS = YES;
				CLANG_WARN_EMPTY_BODY = YES;
				CLANG_WARN_ENUM_CONVERSION = YES;
				CLANG_WARN_INFINITE_RECURSION = YES;
				CLANG_WARN_INT_CONVERSION = YES;
				CLANG_WARN_NON_LITERAL_NULL_CONVERSION = YES;
				CLANG_WARN_OBJC_IMPLICIT_RETAIN_SELF = YES;
				CLANG_WARN_OBJC_LITERAL_CONVERSION = YES;
				CLANG_WARN_OBJC_ROOT_CLASS = YES_ERROR;
				CLANG_WARN_QUOTED_INCLUDE_IN_FRAMEWORK_HEADER = YES;
				CLANG_WARN_RANGE_LOOP_ANALYSIS = YES;
				CLANG_WARN_STRICT_PROTOTYPES = YES;
				CLANG_WARN_SUSPICIOUS_MOVE = YES;
				CLANG_WARN_UNGUARDED_AVAILABILITY = YES_AGGRESSIVE;
				CLANG_WARN_UNREACHABLE_CODE = YES;
				CLANG_WARN__DUPLICATE_METHOD_MATCH = YES;
				COPY_PHASE_STRIP = NO;
				DEBUG_INFORMATION_FORMAT = "dwarf-with-dsym";
				ENABLE_NS_ASSERTIONS = NO;
				ENABLE_STRICT_OBJC_MSGSEND = YES;
				GCC_C_LANGUAGE_STANDARD = gnu11;
				GCC_NO_COMMON_BLOCKS = YES;
				GCC_WARN_64_TO_32_BIT_CONVERSION = YES;
				GCC_WARN_ABOUT_RETURN_TYPE = YES_ERROR;
				GCC_WARN_UNDECLARED_SELECTOR = YES;
				GCC_WARN_UNINITIALIZED_AUTOS = YES_AGGRESSIVE;
				GCC_WARN_UNUSED_FUNCTION = YES;
				GCC_WARN_UNUSED_VARIABLE = YES;
				IPHONEOS_DEPLOYMENT_TARGET = 14.3;
				MTL_ENABLE_DEBUG_INFO = NO;
				MTL_FAST_MATH = YES;
				SDKROOT = iphoneos;
				SWIFT_COMPILATION_MODE = wholemodule;
				SWIFT_OPTIMIZATION_LEVEL = "-O";
				VALIDATE_PRODUCT = YES;
			};
			name = Release;
		};
		BB7E663E25A2A3510098009E /* Debug */ = {
			isa = XCBuildConfiguration;
			buildSettings = {
				ASSETCATALOG_COMPILER_APPICON_NAME = AppIcon;
				ASSETCATALOG_COMPILER_GLOBAL_ACCENT_COLOR_NAME = AccentColor;
				CODE_SIGN_STYLE = Automatic;
				DEVELOPMENT_ASSET_PATHS = "\"Abook/Preview Content\"";
				DEVELOPMENT_TEAM = P7W89LMW2Y;
				ENABLE_PREVIEWS = YES;
				INFOPLIST_FILE = Abook/Info.plist;
				IPHONEOS_DEPLOYMENT_TARGET = 14.0;
				LD_RUNPATH_SEARCH_PATHS = (
					"$(inherited)",
					"@executable_path/Frameworks",
				);
				PRODUCT_BUNDLE_IDENTIFIER = co.gtg7784.Abook;
				PRODUCT_NAME = "$(TARGET_NAME)";
				SWIFT_VERSION = 5.0;
				TARGETED_DEVICE_FAMILY = "1,2";
			};
			name = Debug;
		};
		BB7E663F25A2A3510098009E /* Release */ = {
			isa = XCBuildConfiguration;
			buildSettings = {
				ASSETCATALOG_COMPILER_APPICON_NAME = AppIcon;
				ASSETCATALOG_COMPILER_GLOBAL_ACCENT_COLOR_NAME = AccentColor;
				CODE_SIGN_STYLE = Automatic;
				DEVELOPMENT_ASSET_PATHS = "\"Abook/Preview Content\"";
				DEVELOPMENT_TEAM = P7W89LMW2Y;
				ENABLE_PREVIEWS = YES;
				INFOPLIST_FILE = Abook/Info.plist;
				IPHONEOS_DEPLOYMENT_TARGET = 14.0;
				LD_RUNPATH_SEARCH_PATHS = (
					"$(inherited)",
					"@executable_path/Frameworks",
				);
				PRODUCT_BUNDLE_IDENTIFIER = co.gtg7784.Abook;
				PRODUCT_NAME = "$(TARGET_NAME)";
				SWIFT_VERSION = 5.0;
				TARGETED_DEVICE_FAMILY = "1,2";
			};
			name = Release;
		};
		BB7E664125A2A3510098009E /* Debug */ = {
			isa = XCBuildConfiguration;
			buildSettings = {
				ALWAYS_EMBED_SWIFT_STANDARD_LIBRARIES = YES;
				BUNDLE_LOADER = "$(TEST_HOST)";
				CODE_SIGN_STYLE = Automatic;
				DEVELOPMENT_TEAM = P7W89LMW2Y;
				INFOPLIST_FILE = AbookTests/Info.plist;
				IPHONEOS_DEPLOYMENT_TARGET = 14.0;
				LD_RUNPATH_SEARCH_PATHS = (
					"$(inherited)",
					"@executable_path/Frameworks",
					"@loader_path/Frameworks",
				);
				PRODUCT_BUNDLE_IDENTIFIER = co.gtg7784.AbookTests;
				PRODUCT_NAME = "$(TARGET_NAME)";
				SWIFT_VERSION = 5.0;
				TARGETED_DEVICE_FAMILY = "1,2";
				TEST_HOST = "$(BUILT_PRODUCTS_DIR)/Abook.app/Abook";
			};
			name = Debug;
		};
		BB7E664225A2A3510098009E /* Release */ = {
			isa = XCBuildConfiguration;
			buildSettings = {
				ALWAYS_EMBED_SWIFT_STANDARD_LIBRARIES = YES;
				BUNDLE_LOADER = "$(TEST_HOST)";
				CODE_SIGN_STYLE = Automatic;
				DEVELOPMENT_TEAM = P7W89LMW2Y;
				INFOPLIST_FILE = AbookTests/Info.plist;
				IPHONEOS_DEPLOYMENT_TARGET = 14.0;
				LD_RUNPATH_SEARCH_PATHS = (
					"$(inherited)",
					"@executable_path/Frameworks",
					"@loader_path/Frameworks",
				);
				PRODUCT_BUNDLE_IDENTIFIER = co.gtg7784.AbookTests;
				PRODUCT_NAME = "$(TARGET_NAME)";
				SWIFT_VERSION = 5.0;
				TARGETED_DEVICE_FAMILY = "1,2";
				TEST_HOST = "$(BUILT_PRODUCTS_DIR)/Abook.app/Abook";
			};
			name = Release;
		};
		BB7E664425A2A3510098009E /* Debug */ = {
			isa = XCBuildConfiguration;
			buildSettings = {
				ALWAYS_EMBED_SWIFT_STANDARD_LIBRARIES = YES;
				CODE_SIGN_STYLE = Automatic;
				DEVELOPMENT_TEAM = P7W89LMW2Y;
				INFOPLIST_FILE = AbookUITests/Info.plist;
				LD_RUNPATH_SEARCH_PATHS = (
					"$(inherited)",
					"@executable_path/Frameworks",
					"@loader_path/Frameworks",
				);
				PRODUCT_BUNDLE_IDENTIFIER = co.gtg7784.AbookUITests;
				PRODUCT_NAME = "$(TARGET_NAME)";
				SWIFT_VERSION = 5.0;
				TARGETED_DEVICE_FAMILY = "1,2";
				TEST_TARGET_NAME = Abook;
			};
			name = Debug;
		};
		BB7E664525A2A3510098009E /* Release */ = {
			isa = XCBuildConfiguration;
			buildSettings = {
				ALWAYS_EMBED_SWIFT_STANDARD_LIBRARIES = YES;
				CODE_SIGN_STYLE = Automatic;
				DEVELOPMENT_TEAM = P7W89LMW2Y;
				INFOPLIST_FILE = AbookUITests/Info.plist;
				LD_RUNPATH_SEARCH_PATHS = (
					"$(inherited)",
					"@executable_path/Frameworks",
					"@loader_path/Frameworks",
				);
				PRODUCT_BUNDLE_IDENTIFIER = co.gtg7784.AbookUITests;
				PRODUCT_NAME = "$(TARGET_NAME)";
				SWIFT_VERSION = 5.0;
				TARGETED_DEVICE_FAMILY = "1,2";
				TEST_TARGET_NAME = Abook;
			};
			name = Release;
		};
/* End XCBuildConfiguration section */

/* Begin XCConfigurationList section */
		BB7E661325A2A34C0098009E /* Build configuration list for PBXProject "Abook" */ = {
			isa = XCConfigurationList;
			buildConfigurations = (
				BB7E663B25A2A3510098009E /* Debug */,
				BB7E663C25A2A3510098009E /* Release */,
			);
			defaultConfigurationIsVisible = 0;
			defaultConfigurationName = Release;
		};
		BB7E663D25A2A3510098009E /* Build configuration list for PBXNativeTarget "Abook" */ = {
			isa = XCConfigurationList;
			buildConfigurations = (
				BB7E663E25A2A3510098009E /* Debug */,
				BB7E663F25A2A3510098009E /* Release */,
			);
			defaultConfigurationIsVisible = 0;
			defaultConfigurationName = Release;
		};
		BB7E664025A2A3510098009E /* Build configuration list for PBXNativeTarget "AbookTests" */ = {
			isa = XCConfigurationList;
			buildConfigurations = (
				BB7E664125A2A3510098009E /* Debug */,
				BB7E664225A2A3510098009E /* Release */,
			);
			defaultConfigurationIsVisible = 0;
			defaultConfigurationName = Release;
		};
		BB7E664325A2A3510098009E /* Build configuration list for PBXNativeTarget "AbookUITests" */ = {
			isa = XCConfigurationList;
			buildConfigurations = (
				BB7E664425A2A3510098009E /* Debug */,
				BB7E664525A2A3510098009E /* Release */,
			);
			defaultConfigurationIsVisible = 0;
			defaultConfigurationName = Release;
		};
/* End XCConfigurationList section */
	};
	rootObject = BB7E661025A2A34C0098009E /* Project object */;
}
